github.com/eclipse/paho.mqtt.golang v1.3.3 h1:Fh1zsLniMFJByLqKrSB9ZRjkbpU0k1Xne23ZqEE/O08=
github.com/eclipse/paho.mqtt.golang v1.3.3/go.mod h1:eTzb4gxwwyWpqBUHGQZ4ABAV7+Jgm1PklsYT/eo8Hcc=
github.com/gorilla/websocket v1.4.2 h1:+/TMaTYc4QFitKJxsQ7Yye35DkWvkdLcvGKqM+x0Ufc=
github.com/gorilla/websocket v1.4.2/go.mod h1:YR8l580nyteQvAITg2hZ9XVh4b55+EU/adAjf1fMHhE=
github.com/robfig/cron v1.2.0 h1:ZjScXvvxeQ63Dbyxy76Fj3AT3Ut0aKsyd2/tl3DTMuQ=
github.com/robfig/cron v1.2.0/go.mod h1:JGuDeoQd7Z6yL4zQhZ3OPEVHB7fL6Ka6skscFHfmt2k=
github.com/satori/go.uuid v1.2.0 h1:0uYX9dsZ2yD7q2RtLRtPSdGDWzjeM3TbMJP9utgA0ww=
github.com/satori/go.uuid v1.2.0/go.mod h1:dA0hQrYB0VpLJoorglMZABFdXlWrHn1NEOzdhQKdks0=
github.com/tw-iot/mqtt_tw v0.0.0-20210207015347-7ee5bfa91a8c h1:5efOlTJFLTw0GSJsR6Wlh6s1YKXZwNbZB/NBfT38wpk=
github.com/tw-iot/mqtt_tw v0.0.0-20210207015347-7ee5bfa91a8c/go.mod h1:8Tgcsxk879+AdhVkbTSjemSqH9jo6pjWc88X1oKkNWo=
github.com/tw-iot/mqtt_tw v0.0.0-20210423082020-d4a02c116de5 h1:EzRb/IQL81UBLBnopvZn36lcDG70t6pe5zZaOPrJEmI=
github.com/tw-iot/mqtt_tw v0.0.0-20210423082020-d4a02c116de5/go.mod h1:8Tgcsxk879+AdhVkbTSjemSqH9jo6pjWc88X1oKkNWo=
github.com/tw-iot/mqtt_tw v0.0.2-0.20210425081029-52a4046a07a1 h1:CORm4+rc2LPRL9/Z0sdCfVgzMAALKx0OLN4Oou0m++s=
github.com/tw-iot/mqtt_tw v0.0.2-0.20210425081029-52a4046a07a1/go.mod h1:8Tgcsxk879+AdhVkbTSjemSqH9jo6pjWc88X1oKkNWo=
github.com/tw-iot/mqtt_tw v0.0.2-0.20210425090520-0492ecbf45f4 h1:/+K6C3TegCV2smN/9B6JsNxJ3fmCcloqJfnSHptzh4o=
github.com/tw-iot/mqtt_tw v0.0.2-0.20210425090520-0492ecbf45f4/go.mod h1:8Tgcsxk879+AdhVkbTSjemSqH9jo6pjWc88X1oKkNWo=
github.com/tw-iot/mqtt_tw v1.0.0 h1:/4DCXctYsHwcC7W9mLKswbOIxFE/wG4isvLFwKS+Im4=
github.com/tw-iot/mqtt_tw v1.0.0/go.mod h1:8Tgcsxk879+AdhVkbTSjemSqH9jo6pjWc88X1oKkNWo=
golang.org/x/crypto v0.0.0-20190308221718-c2843e01d9a2/go.mod h1:djNgcEr1/C05ACkg1iLfiJU5Ep61QUkGW8qpdssI0+w=
golang.org/x/net v0.0.0-20200425230154-ff2c4b7c35a0 h1:Jcxah/M+oLZ/R4/z5RzfPzGbPXnVDPkEDtf2JnuxN+U=
golang.org/x/net v0.0.0-20200425230154-ff2c4b7c35a0/go.mod h1:qpuaurCH72eLCgpAm/N6yyVIVM9cpaDIP3A8BGJEC5A=
golang.org/x/sys v0.0.0-20190215142949-d0b11bdaac8a/go.mod h1:STP8DvDyc/dI5b8T5hshtkjS+E42TnysNCUPdjciGhY=
golang.org/x/sys v0.0.0-20200323222414-85ca7c5b95cd/go.mod h1:h1NjWce9XRLGQEsW7wpKNCjG9DtNlClVuFLEZdDNbEs=
golang.org/x/text v0.3.0/go.mod h1:NqM8EUOU14njkJ3fqMW+pc6Ldnwhi/IjpwHt7yyuwOQ=
gopkg.in/ammario/temp.v2 v2.0.0 h1:jfiqtmyoD+HLfdPIsgcJZytuzjxoscoRJmlN5cr2CqU=
gopkg.in/ammario/temp.v2 v2.0.0/go.mod h1:co1j1453tzwYFOaPHb++e2hfU6MC/O+ydoE54Qq/Hns=
